
Microsoft Visual Studio Solution File, Format Version 12.00
# Visual Studio 15
VisualStudioVersion = 15.0.26124.0
MinimumVisualStudioVersion = 15.0.26124.0
Project("{FAE04EC0-301F-11D3-BF4B-00C04F79EFBC}") = "Domain", "Domain\Domain.csproj", "{241EA649-EA79-4125-B09C-096CA6F64C09}"
EndProject
Project("{FAE04EC0-301F-11D3-BF4B-00C04F79EFBC}") = "Persistence", "Persistence\Persistence.csproj", "{10194C8E-525D-4263-863B-8A9C82A5FC7F}"
EndProject
Project("{FAE04EC0-301F-11D3-BF4B-00C04F79EFBC}") = "Application", "Application\Application.csproj", "{BBA095A4-823F-46C1-836A-FF2D1BEFEC46}"
EndProject
Project("{FAE04EC0-301F-11D3-BF4B-00C04F79EFBC}") = "API", "API\API.csproj", "{D1524736-A192-46D4-916F-F3372C11FE2C}"
EndProject
Global
	GlobalSection(SolutionConfigurationPlatforms) = preSolution
		Debug|Any CPU = Debug|Any CPU
		Debug|x64 = Debug|x64
		Debug|x86 = Debug|x86
		Release|Any CPU = Release|Any CPU
		Release|x64 = Release|x64
		Release|x86 = Release|x86
	EndGlobalSection
	GlobalSection(SolutionProperties) = preSolution
		HideSolutionNode = FALSE
	EndGlobalSection
	GlobalSection(ProjectConfigurationPlatforms) = postSolution
		{241EA649-EA79-4125-B09C-096CA6F64C09}.Debug|Any CPU.ActiveCfg = Debug|Any CPU
		{241EA649-EA79-4125-B09C-096CA6F64C09}.Debug|Any CPU.Build.0 = Debug|Any CPU
		{241EA649-EA79-4125-B09C-096CA6F64C09}.Debug|x64.ActiveCfg = Debug|Any CPU
		{241EA649-EA79-4125-B09C-096CA6F64C09}.Debug|x64.Build.0 = Debug|Any CPU
		{241EA649-EA79-4125-B09C-096CA6F64C09}.Debug|x86.ActiveCfg = Debug|Any CPU
		{241EA649-EA79-4125-B09C-096CA6F64C09}.Debug|x86.Build.0 = Debug|Any CPU
		{241EA649-EA79-4125-B09C-096CA6F64C09}.Release|Any CPU.ActiveCfg = Release|Any CPU
		{241EA649-EA79-4125-B09C-096CA6F64C09}.Release|Any CPU.Build.0 = Release|Any CPU
		{241EA649-EA79-4125-B09C-096CA6F64C09}.Release|x64.ActiveCfg = Release|Any CPU
		{241EA649-EA79-4125-B09C-096CA6F64C09}.Release|x64.Build.0 = Release|Any CPU
		{241EA649-EA79-4125-B09C-096CA6F64C09}.Release|x86.ActiveCfg = Release|Any CPU
		{241EA649-EA79-4125-B09C-096CA6F64C09}.Release|x86.Build.0 = Release|Any CPU
		{10194C8E-525D-4263-863B-8A9C82A5FC7F}.Debug|Any CPU.ActiveCfg = Debug|Any CPU
		{10194C8E-525D-4263-863B-8A9C82A5FC7F}.Debug|Any CPU.Build.0 = Debug|Any CPU
		{10194C8E-525D-4263-863B-8A9C82A5FC7F}.Debug|x64.ActiveCfg = Debug|Any CPU
		{10194C8E-525D-4263-863B-8A9C82A5FC7F}.Debug|x64.Build.0 = Debug|Any CPU
		{10194C8E-525D-4263-863B-8A9C82A5FC7F}.Debug|x86.ActiveCfg = Debug|Any CPU
		{10194C8E-525D-4263-863B-8A9C82A5FC7F}.Debug|x86.Build.0 = Debug|Any CPU
		{10194C8E-525D-4263-863B-8A9C82A5FC7F}.Release|Any CPU.ActiveCfg = Release|Any CPU
		{10194C8E-525D-4263-863B-8A9C82A5FC7F}.Release|Any CPU.Build.0 = Release|Any CPU
		{10194C8E-525D-4263-863B-8A9C82A5FC7F}.Release|x64.ActiveCfg = Release|Any CPU
		{10194C8E-525D-4263-863B-8A9C82A5FC7F}.Release|x64.Build.0 = Release|Any CPU
		{10194C8E-525D-4263-863B-8A9C82A5FC7F}.Release|x86.ActiveCfg = Release|Any CPU
		{10194C8E-525D-4263-863B-8A9C82A5FC7F}.Release|x86.Build.0 = Release|Any CPU
		{BBA095A4-823F-46C1-836A-FF2D1BEFEC46}.Debug|Any CPU.ActiveCfg = Debug|Any CPU
		{BBA095A4-823F-46C1-836A-FF2D1BEFEC46}.Debug|Any CPU.Build.0 = Debug|Any CPU
		{BBA095A4-823F-46C1-836A-FF2D1BEFEC46}.Debug|x64.ActiveCfg = Debug|Any CPU
		{BBA095A4-823F-46C1-836A-FF2D1BEFEC46}.Debug|x64.Build.0 = Debug|Any CPU
		{BBA095A4-823F-46C1-836A-FF2D1BEFEC46}.Debug|x86.ActiveCfg = Debug|Any CPU
		{BBA095A4-823F-46C1-836A-FF2D1BEFEC46}.Debug|x86.Build.0 = Debug|Any CPU
		{BBA095A4-823F-46C1-836A-FF2D1BEFEC46}.Release|Any CPU.ActiveCfg = Release|Any CPU
		{BBA095A4-823F-46C1-836A-FF2D1BEFEC46}.Release|Any CPU.Build.0 = Release|Any CPU
		{BBA095A4-823F-46C1-836A-FF2D1BEFEC46}.Release|x64.ActiveCfg = Release|Any CPU
		{BBA095A4-823F-46C1-836A-FF2D1BEFEC46}.Release|x64.Build.0 = Release|Any CPU
		{BBA095A4-823F-46C1-836A-FF2D1BEFEC46}.Release|x86.ActiveCfg = Release|Any CPU
		{BBA095A4-823F-46C1-836A-FF2D1BEFEC46}.Release|x86.Build.0 = Release|Any CPU
		{D1524736-A192-46D4-916F-F3372C11FE2C}.Debug|Any CPU.ActiveCfg = Debug|Any CPU
		{D1524736-A192-46D4-916F-F3372C11FE2C}.Debug|Any CPU.Build.0 = Debug|Any CPU
		{D1524736-A192-46D4-916F-F3372C11FE2C}.Debug|x64.ActiveCfg = Debug|Any CPU
		{D1524736-A192-46D4-916F-F3372C11FE2C}.Debug|x64.Build.0 = Debug|Any CPU
		{D1524736-A192-46D4-916F-F3372C11FE2C}.Debug|x86.ActiveCfg = Debug|Any CPU
		{D1524736-A192-46D4-916F-F3372C11FE2C}.Debug|x86.Build.0 = Debug|Any CPU
		{D1524736-A192-46D4-916F-F3372C11FE2C}.Release|Any CPU.ActiveCfg = Release|Any CPU
		{D1524736-A192-46D4-916F-F3372C11FE2C}.Release|Any CPU.Build.0 = Release|Any CPU
		{D1524736-A192-46D4-916F-F3372C11FE2C}.Release|x64.ActiveCfg = Release|Any CPU
		{D1524736-A192-46D4-916F-F3372C11FE2C}.Release|x64.Build.0 = Release|Any CPU
		{D1524736-A192-46D4-916F-F3372C11FE2C}.Release|x86.ActiveCfg = Release|Any CPU
		{D1524736-A192-46D4-916F-F3372C11FE2C}.Release|x86.Build.0 = Release|Any CPU
	EndGlobalSection
EndGlobal
